
Microsoft Visual Studio Solution File, Format Version 12.00
# Visual Studio Version 16
VisualStudioVersion = 16.0.29519.87
MinimumVisualStudioVersion = 10.0.40219.1
Project("{FAE04EC0-301F-11D3-BF4B-00C04F79EFBC}") = "MailSender", "MailSender\MailSender.csproj", "{825D691C-2BDF-42F7-AC2F-87A5A2C07477}"
EndProject
Project("{FAE04EC0-301F-11D3-BF4B-00C04F79EFBC}") = "MailSender.lib", "MailSender.lib\MailSender.lib.csproj", "{8D0BEC72-065A-4A78-B2B2-F72216220D49}"
EndProject
Project("{2150E333-8FDC-42A3-9474-1A3956D46DE8}") = "Tests", "Tests", "{893316A2-0D9B-4CBF-9746-606E4E2FBFA5}"
EndProject
Project("{FAE04EC0-301F-11D3-BF4B-00C04F79EFBC}") = "MailSender.lib.Tests", "MailSender.lib.Tests\MailSender.lib.Tests.csproj", "{05425255-8B9D-4BCB-8563-80CC6407F638}"
EndProject
Project("{2150E333-8FDC-42A3-9474-1A3956D46DE8}") = "ThreadProjects", "ThreadProjects", "{1AD75F5E-2975-49DA-87B4-BD4C4EEE0F49}"
	ProjectSection(SolutionItems) = preProject
		ReadMe.txt = ReadMe.txt
	EndProjectSection
EndProject
Project("{FAE04EC0-301F-11D3-BF4B-00C04F79EFBC}") = "Calculation", "ThreadProjects\Calculation\Calculation.csproj", "{5B500FF7-C19D-47A4-BEE0-DC12BC150276}"
EndProject
Project("{FAE04EC0-301F-11D3-BF4B-00C04F79EFBC}") = "CsvParser", "ThreadProjects\CsvParser\CsvParser.csproj", "{8B550BEB-E8A5-4651-8DDE-796C462EC27D}"
EndProject
Project("{2150E333-8FDC-42A3-9474-1A3956D46DE8}") = "TPLProjects", "TPLProjects", "{8086EEED-7114-45AE-812F-7E6EBE53CE0E}"
EndProject
Project("{FAE04EC0-301F-11D3-BF4B-00C04F79EFBC}") = "MatrixMultiplaction", "TPLProjects\MatrixMultiplaction\MatrixMultiplaction.csproj", "{1B8B6FC6-28F8-4D83-BECD-5FBD7C9B6D17}"
EndProject
Project("{FAE04EC0-301F-11D3-BF4B-00C04F79EFBC}") = "MatrixMultiplaction.Tests", "Tests\MatrixMultiplaction.Tests\MatrixMultiplaction.Tests.csproj", "{CC2F4080-F359-4AE8-A42E-2C26B174B0FD}"
EndProject
Global
	GlobalSection(SolutionConfigurationPlatforms) = preSolution
		Debug|Any CPU = Debug|Any CPU
		Release|Any CPU = Release|Any CPU
	EndGlobalSection
	GlobalSection(ProjectConfigurationPlatforms) = postSolution
		{825D691C-2BDF-42F7-AC2F-87A5A2C07477}.Debug|Any CPU.ActiveCfg = Debug|Any CPU
		{825D691C-2BDF-42F7-AC2F-87A5A2C07477}.Debug|Any CPU.Build.0 = Debug|Any CPU
		{825D691C-2BDF-42F7-AC2F-87A5A2C07477}.Release|Any CPU.ActiveCfg = Release|Any CPU
		{825D691C-2BDF-42F7-AC2F-87A5A2C07477}.Release|Any CPU.Build.0 = Release|Any CPU
		{8D0BEC72-065A-4A78-B2B2-F72216220D49}.Debug|Any CPU.ActiveCfg = Debug|Any CPU
		{8D0BEC72-065A-4A78-B2B2-F72216220D49}.Debug|Any CPU.Build.0 = Debug|Any CPU
		{8D0BEC72-065A-4A78-B2B2-F72216220D49}.Release|Any CPU.ActiveCfg = Release|Any CPU
		{8D0BEC72-065A-4A78-B2B2-F72216220D49}.Release|Any CPU.Build.0 = Release|Any CPU
		{05425255-8B9D-4BCB-8563-80CC6407F638}.Debug|Any CPU.ActiveCfg = Debug|Any CPU
		{05425255-8B9D-4BCB-8563-80CC6407F638}.Debug|Any CPU.Build.0 = Debug|Any CPU
		{05425255-8B9D-4BCB-8563-80CC6407F638}.Release|Any CPU.ActiveCfg = Release|Any CPU
		{05425255-8B9D-4BCB-8563-80CC6407F638}.Release|Any CPU.Build.0 = Release|Any CPU
		{5B500FF7-C19D-47A4-BEE0-DC12BC150276}.Debug|Any CPU.ActiveCfg = Debug|Any CPU
		{5B500FF7-C19D-47A4-BEE0-DC12BC150276}.Debug|Any CPU.Build.0 = Debug|Any CPU
		{5B500FF7-C19D-47A4-BEE0-DC12BC150276}.Release|Any CPU.ActiveCfg = Release|Any CPU
		{5B500FF7-C19D-47A4-BEE0-DC12BC150276}.Release|Any CPU.Build.0 = Release|Any CPU
		{8B550BEB-E8A5-4651-8DDE-796C462EC27D}.Debug|Any CPU.ActiveCfg = Debug|Any CPU
		{8B550BEB-E8A5-4651-8DDE-796C462EC27D}.Debug|Any CPU.Build.0 = Debug|Any CPU
		{8B550BEB-E8A5-4651-8DDE-796C462EC27D}.Release|Any CPU.ActiveCfg = Release|Any CPU
		{8B550BEB-E8A5-4651-8DDE-796C462EC27D}.Release|Any CPU.Build.0 = Release|Any CPU
		{1B8B6FC6-28F8-4D83-BECD-5FBD7C9B6D17}.Debug|Any CPU.ActiveCfg = Debug|Any CPU
		{1B8B6FC6-28F8-4D83-BECD-5FBD7C9B6D17}.Debug|Any CPU.Build.0 = Debug|Any CPU
		{1B8B6FC6-28F8-4D83-BECD-5FBD7C9B6D17}.Release|Any CPU.ActiveCfg = Release|Any CPU
		{1B8B6FC6-28F8-4D83-BECD-5FBD7C9B6D17}.Release|Any CPU.Build.0 = Release|Any CPU
		{CC2F4080-F359-4AE8-A42E-2C26B174B0FD}.Debug|Any CPU.ActiveCfg = Debug|Any CPU
		{CC2F4080-F359-4AE8-A42E-2C26B174B0FD}.Debug|Any CPU.Build.0 = Debug|Any CPU
		{CC2F4080-F359-4AE8-A42E-2C26B174B0FD}.Release|Any CPU.ActiveCfg = Release|Any CPU
		{CC2F4080-F359-4AE8-A42E-2C26B174B0FD}.Release|Any CPU.Build.0 = Release|Any CPU
	EndGlobalSection
	GlobalSection(SolutionProperties) = preSolution
		HideSolutionNode = FALSE
	EndGlobalSection
	GlobalSection(NestedProjects) = preSolution
		{05425255-8B9D-4BCB-8563-80CC6407F638} = {893316A2-0D9B-4CBF-9746-606E4E2FBFA5}
		{5B500FF7-C19D-47A4-BEE0-DC12BC150276} = {1AD75F5E-2975-49DA-87B4-BD4C4EEE0F49}
		{8B550BEB-E8A5-4651-8DDE-796C462EC27D} = {1AD75F5E-2975-49DA-87B4-BD4C4EEE0F49}
		{1B8B6FC6-28F8-4D83-BECD-5FBD7C9B6D17} = {8086EEED-7114-45AE-812F-7E6EBE53CE0E}
		{CC2F4080-F359-4AE8-A42E-2C26B174B0FD} = {893316A2-0D9B-4CBF-9746-606E4E2FBFA5}
	EndGlobalSection
	GlobalSection(ExtensibilityGlobals) = postSolution
		SolutionGuid = {CF214A75-A0B3-42C2-AA4F-DEA8FE341AF8}
	EndGlobalSection
EndGlobal
